
Microsoft Visual Studio Solution File, Format Version 12.00
# Visual Studio Version 17
VisualStudioVersion = 17.1.32228.430
MinimumVisualStudioVersion = 10.0.40219.1
Project("{FAE04EC0-301F-11D3-BF4B-00C04F79EFBC}") = "integer", "integer\integer.csproj", "{57F0F573-A7D6-41E7-B13F-E8BD511617E1}"
EndProject
Global
	GlobalSection(SolutionConfigurationPlatforms) = preSolution
		Debug|Any CPU = Debug|Any CPU
		Release|Any CPU = Release|Any CPU
	EndGlobalSection
	GlobalSection(ProjectConfigurationPlatforms) = postSolution
		{57F0F573-A7D6-41E7-B13F-E8BD511617E1}.Debug|Any CPU.ActiveCfg = Debug|Any CPU
		{57F0F573-A7D6-41E7-B13F-E8BD511617E1}.Debug|Any CPU.Build.0 = Debug|Any CPU
		{57F0F573-A7D6-41E7-B13F-E8BD511617E1}.Release|Any CPU.ActiveCfg = Release|Any CPU
		{57F0F573-A7D6-41E7-B13F-E8BD511617E1}.Release|Any CPU.Build.0 = Release|Any CPU
	EndGlobalSection
	GlobalSection(SolutionProperties) = preSolution
		HideSolutionNode = FALSE
	EndGlobalSection
	GlobalSection(ExtensibilityGlobals) = postSolution
		SolutionGuid = {338AC29A-E72E-472A-876D-BEBA9EB234F1}
	EndGlobalSection
EndGlobal
